// !$*UTF8*$!
{
	archiveVersion = 1;
	classes = {
	};
	objectVersion = 46;
	objects = {

/* Begin PBXBuildFile section */
		A915AC449099A9A26C1C9DE9 /* Pods_MyMobileApp.framework in Frameworks */ = {isa = PBXBuildFile; fileRef = 06E4A3DA26277900EE9ABAC8 /* Pods_MyMobileApp.framework */; };
		B90864801C74EB68007451BB /* CameraManager.swift in Sources */ = {isa = PBXBuildFile; fileRef = B908647F1C74EB68007451BB /* CameraManager.swift */; };
		B911A0C01C6D0BB600F66F18 /* GPUImage.framework in Frameworks */ = {isa = PBXBuildFile; fileRef = B911A0BF1C6D0BA100F66F18 /* GPUImage.framework */; };
		B911A0C11C6D0BB600F66F18 /* GPUImage.framework in Embed Frameworks */ = {isa = PBXBuildFile; fileRef = B911A0BF1C6D0BA100F66F18 /* GPUImage.framework */; settings = {ATTRIBUTES = (CodeSignOnCopy, RemoveHeadersOnCopy, ); }; };
		B94E50381C79F5AE006B503E /* ActionSheetManager.swift in Sources */ = {isa = PBXBuildFile; fileRef = B94E50371C79F5AE006B503E /* ActionSheetManager.swift */; };
		B98A0FC91C64FA25005F925A /* AppDelegate.swift in Sources */ = {isa = PBXBuildFile; fileRef = B98A0FC81C64FA25005F925A /* AppDelegate.swift */; };
		B98A0FCB1C64FA25005F925A /* MyCartoonViewController.swift in Sources */ = {isa = PBXBuildFile; fileRef = B98A0FCA1C64FA25005F925A /* MyCartoonViewController.swift */; };
		B98A0FCE1C64FA25005F925A /* Main.storyboard in Resources */ = {isa = PBXBuildFile; fileRef = B98A0FCC1C64FA25005F925A /* Main.storyboard */; };
		B98A0FD01C64FA25005F925A /* Assets.xcassets in Resources */ = {isa = PBXBuildFile; fileRef = B98A0FCF1C64FA25005F925A /* Assets.xcassets */; };
		B98A0FD31C64FA25005F925A /* LaunchScreen.storyboard in Resources */ = {isa = PBXBuildFile; fileRef = B98A0FD11C64FA25005F925A /* LaunchScreen.storyboard */; };
		B98A0FEA1C64FB8A005F925A /* FilterOperations.swift in Sources */ = {isa = PBXBuildFile; fileRef = B98A0FE91C64FB8A005F925A /* FilterOperations.swift */; };
		B98A0FEC1C64FBA4005F925A /* FilterOperationTypes.swift in Sources */ = {isa = PBXBuildFile; fileRef = B98A0FEB1C64FBA4005F925A /* FilterOperationTypes.swift */; };
		B98A0FF51C64FD5F005F925A /* lookup_amatorka.png in Resources */ = {isa = PBXBuildFile; fileRef = B98A0FED1C64FD5F005F925A /* lookup_amatorka.png */; };
		B98A0FF61C64FD5F005F925A /* lookup_miss_etikate.png in Resources */ = {isa = PBXBuildFile; fileRef = B98A0FEE1C64FD5F005F925A /* lookup_miss_etikate.png */; };
		B98A0FF71C64FD5F005F925A /* lookup_soft_elegance_1.png in Resources */ = {isa = PBXBuildFile; fileRef = B98A0FEF1C64FD5F005F925A /* lookup_soft_elegance_1.png */; };
		B98A0FF81C64FD5F005F925A /* lookup_soft_elegance_2.png in Resources */ = {isa = PBXBuildFile; fileRef = B98A0FF01C64FD5F005F925A /* lookup_soft_elegance_2.png */; };
		B98A0FF91C64FD5F005F925A /* squares.png in Resources */ = {isa = PBXBuildFile; fileRef = B98A0FF11C64FD5F005F925A /* squares.png */; };
		B98A0FFA1C64FD5F005F925A /* voroni_points2.png in Resources */ = {isa = PBXBuildFile; fileRef = B98A0FF21C64FD5F005F925A /* voroni_points2.png */; };
		B98A0FFB1C64FD5F005F925A /* mask.png in Resources */ = {isa = PBXBuildFile; fileRef = B98A0FF31C64FD5F005F925A /* mask.png */; };
		B98A0FFC1C64FD5F005F925A /* WID-small.jpg in Resources */ = {isa = PBXBuildFile; fileRef = B98A0FF41C64FD5F005F925A /* WID-small.jpg */; };
/* End PBXBuildFile section */

/* Begin PBXContainerItemProxy section */
		B911A0BC1C6D0BA100F66F18 /* PBXContainerItemProxy */ = {
			isa = PBXContainerItemProxy;
			containerPortal = B911A0B61C6D0BA100F66F18 /* GPUImage.xcodeproj */;
			proxyType = 2;
			remoteGlobalIDString = BCF1A33414DDB1EC00852800;
			remoteInfo = GPUImage;
		};
		B911A0BE1C6D0BA100F66F18 /* PBXContainerItemProxy */ = {
			isa = PBXContainerItemProxy;
			containerPortal = B911A0B61C6D0BA100F66F18 /* GPUImage.xcodeproj */;
			proxyType = 2;
			remoteGlobalIDString = BCE209E51943F20C002FEED8;
			remoteInfo = GPUImageFramework;
		};
		B911A0C21C6D0BB600F66F18 /* PBXContainerItemProxy */ = {
			isa = PBXContainerItemProxy;
			containerPortal = B911A0B61C6D0BA100F66F18 /* GPUImage.xcodeproj */;
			proxyType = 1;
			remoteGlobalIDString = BCE209E41943F20C002FEED8;
			remoteInfo = GPUImageFramework;
		};
/* End PBXContainerItemProxy section */

/* Begin PBXCopyFilesBuildPhase section */
		B911A0B51C6D0AE900F66F18 /* Embed Frameworks */ = {
			isa = PBXCopyFilesBuildPhase;
			buildActionMask = 2147483647;
			dstPath = "";
			dstSubfolderSpec = 10;
			files = (
				B911A0C11C6D0BB600F66F18 /* GPUImage.framework in Embed Frameworks */,
			);
			name = "Embed Frameworks";
			runOnlyForDeploymentPostprocessing = 0;
		};
/* End PBXCopyFilesBuildPhase section */

/* Begin PBXFileReference section */
		06E4A3DA26277900EE9ABAC8 /* Pods_MyMobileApp.framework */ = {isa = PBXFileReference; explicitFileType = wrapper.framework; includeInIndex = 0; path = Pods_MyMobileApp.framework; sourceTree = BUILT_PRODUCTS_DIR; };
		B908647F1C74EB68007451BB /* CameraManager.swift */ = {isa = PBXFileReference; fileEncoding = 4; lastKnownFileType = sourcecode.swift; path = CameraManager.swift; sourceTree = "<group>"; };
		B911A0B61C6D0BA100F66F18 /* GPUImage.xcodeproj */ = {isa = PBXFileReference; lastKnownFileType = "wrapper.pb-project"; name = GPUImage.xcodeproj; path = Submodules/framework/GPUImage.xcodeproj; sourceTree = SOURCE_ROOT; };
		B94E50371C79F5AE006B503E /* ActionSheetManager.swift */ = {isa = PBXFileReference; fileEncoding = 4; lastKnownFileType = sourcecode.swift; path = ActionSheetManager.swift; sourceTree = "<group>"; };
		B96B388D1C77CAF1009578D3 /* test.app */ = {isa = PBXFileReference; explicitFileType = wrapper.application; includeInIndex = 0; path = test.app; sourceTree = BUILT_PRODUCTS_DIR; };
		B98A0FC51C64FA25005F925A /* MyMobileApp.app */ = {isa = PBXFileReference; explicitFileType = wrapper.application; includeInIndex = 0; path = MyMobileApp.app; sourceTree = BUILT_PRODUCTS_DIR; };
		B98A0FC81C64FA25005F925A /* AppDelegate.swift */ = {isa = PBXFileReference; lastKnownFileType = sourcecode.swift; path = AppDelegate.swift; sourceTree = "<group>"; };
		B98A0FCA1C64FA25005F925A /* MyCartoonViewController.swift */ = {isa = PBXFileReference; lastKnownFileType = sourcecode.swift; path = MyCartoonViewController.swift; sourceTree = "<group>"; };
		B98A0FCD1C64FA25005F925A /* Base */ = {isa = PBXFileReference; lastKnownFileType = file.storyboard; name = Base; path = Base.lproj/Main.storyboard; sourceTree = "<group>"; };
		B98A0FCF1C64FA25005F925A /* Assets.xcassets */ = {isa = PBXFileReference; lastKnownFileType = folder.assetcatalog; path = Assets.xcassets; sourceTree = "<group>"; };
		B98A0FD21C64FA25005F925A /* Base */ = {isa = PBXFileReference; lastKnownFileType = file.storyboard; name = Base; path = Base.lproj/LaunchScreen.storyboard; sourceTree = "<group>"; };
		B98A0FD41C64FA25005F925A /* Info.plist */ = {isa = PBXFileReference; lastKnownFileType = text.plist.xml; path = Info.plist; sourceTree = "<group>"; };
		B98A0FE91C64FB8A005F925A /* FilterOperations.swift */ = {isa = PBXFileReference; fileEncoding = 4; lastKnownFileType = sourcecode.swift; path = FilterOperations.swift; sourceTree = "<group>"; };
		B98A0FEB1C64FBA4005F925A /* FilterOperationTypes.swift */ = {isa = PBXFileReference; fileEncoding = 4; lastKnownFileType = sourcecode.swift; path = FilterOperationTypes.swift; sourceTree = "<group>"; };
		B98A0FED1C64FD5F005F925A /* lookup_amatorka.png */ = {isa = PBXFileReference; lastKnownFileType = image.png; path = lookup_amatorka.png; sourceTree = "<group>"; };
		B98A0FEE1C64FD5F005F925A /* lookup_miss_etikate.png */ = {isa = PBXFileReference; lastKnownFileType = image.png; path = lookup_miss_etikate.png; sourceTree = "<group>"; };
		B98A0FEF1C64FD5F005F925A /* lookup_soft_elegance_1.png */ = {isa = PBXFileReference; lastKnownFileType = image.png; path = lookup_soft_elegance_1.png; sourceTree = "<group>"; };
		B98A0FF01C64FD5F005F925A /* lookup_soft_elegance_2.png */ = {isa = PBXFileReference; lastKnownFileType = image.png; path = lookup_soft_elegance_2.png; sourceTree = "<group>"; };
		B98A0FF11C64FD5F005F925A /* squares.png */ = {isa = PBXFileReference; lastKnownFileType = image.png; path = squares.png; sourceTree = "<group>"; };
		B98A0FF21C64FD5F005F925A /* voroni_points2.png */ = {isa = PBXFileReference; lastKnownFileType = image.png; path = voroni_points2.png; sourceTree = "<group>"; };
		B98A0FF31C64FD5F005F925A /* mask.png */ = {isa = PBXFileReference; lastKnownFileType = image.png; path = mask.png; sourceTree = "<group>"; };
		B98A0FF41C64FD5F005F925A /* WID-small.jpg */ = {isa = PBXFileReference; lastKnownFileType = image.jpeg; path = "WID-small.jpg"; sourceTree = "<group>"; };
		BAA2DC02B2FA116DC56AF59C /* Pods-MyMobileApp.debug.xcconfig */ = {isa = PBXFileReference; includeInIndex = 1; lastKnownFileType = text.xcconfig; name = "Pods-MyMobileApp.debug.xcconfig"; path = "Pods/Target Support Files/Pods-MyMobileApp/Pods-MyMobileApp.debug.xcconfig"; sourceTree = "<group>"; };
		DBC2CE73407424B1DA0300EC /* Pods-MyMobileApp.release.xcconfig */ = {isa = PBXFileReference; includeInIndex = 1; lastKnownFileType = text.xcconfig; name = "Pods-MyMobileApp.release.xcconfig"; path = "Pods/Target Support Files/Pods-MyMobileApp/Pods-MyMobileApp.release.xcconfig"; sourceTree = "<group>"; };
/* End PBXFileReference section */

/* Begin PBXFrameworksBuildPhase section */
		B96B388A1C77CAF1009578D3 /* Frameworks */ = {
			isa = PBXFrameworksBuildPhase;
			buildActionMask = 2147483647;
			files = (
			);
			runOnlyForDeploymentPostprocessing = 0;
		};
		B98A0FC21C64FA25005F925A /* Frameworks */ = {
			isa = PBXFrameworksBuildPhase;
			buildActionMask = 2147483647;
			files = (
				B911A0C01C6D0BB600F66F18 /* GPUImage.framework in Frameworks */,
				A915AC449099A9A26C1C9DE9 /* Pods_MyMobileApp.framework in Frameworks */,
			);
			runOnlyForDeploymentPostprocessing = 0;
		};
/* End PBXFrameworksBuildPhase section */

/* Begin PBXGroup section */
		B911A0B71C6D0BA100F66F18 /* Products */ = {
			isa = PBXGroup;
			children = (
				B911A0BD1C6D0BA100F66F18 /* libGPUImage.a */,
				B911A0BF1C6D0BA100F66F18 /* GPUImage.framework */,
			);
			name = Products;
			sourceTree = "<group>";
		};
		B98A0FBC1C64FA25005F925A = {
			isa = PBXGroup;
			children = (
				B98A0FC71C64FA25005F925A /* MyMobileApp */,
				B98A0FC61C64FA25005F925A /* Products */,
				DAB6BC2FAC53090C75585F0A /* Pods */,
				C7EB7EF2FF34032BAF379D8C /* Frameworks */,
			);
			sourceTree = "<group>";
		};
		B98A0FC61C64FA25005F925A /* Products */ = {
			isa = PBXGroup;
			children = (
				B98A0FC51C64FA25005F925A /* MyMobileApp.app */,
				B96B388D1C77CAF1009578D3 /* test.app */,
			);
			name = Products;
			sourceTree = "<group>";
		};
		B98A0FC71C64FA25005F925A /* MyMobileApp */ = {
			isa = PBXGroup;
			children = (
				B98A0FC81C64FA25005F925A /* AppDelegate.swift */,
				B98A0FFF1C65074F005F925A /* Controllers */,
				B98A0FFD1C6506DD005F925A /* GPUImage */,
				B911A0B61C6D0BA100F66F18 /* GPUImage.xcodeproj */,
				B98A0FD41C64FA25005F925A /* Info.plist */,
				B98A0FD11C64FA25005F925A /* LaunchScreen.storyboard */,
				B98A0FCC1C64FA25005F925A /* Main.storyboard */,
				B98A0FFE1C650729005F925A /* Resources */,
			);
			path = MyMobileApp;
			sourceTree = "<group>";
		};
		B98A0FFD1C6506DD005F925A /* GPUImage */ = {
			isa = PBXGroup;
			children = (
				B98A0FED1C64FD5F005F925A /* lookup_amatorka.png */,
				B98A0FEE1C64FD5F005F925A /* lookup_miss_etikate.png */,
				B98A0FEF1C64FD5F005F925A /* lookup_soft_elegance_1.png */,
				B98A0FF01C64FD5F005F925A /* lookup_soft_elegance_2.png */,
				B98A0FF11C64FD5F005F925A /* squares.png */,
				B98A0FF21C64FD5F005F925A /* voroni_points2.png */,
				B98A0FF31C64FD5F005F925A /* mask.png */,
				B98A0FF41C64FD5F005F925A /* WID-small.jpg */,
				B98A0FE91C64FB8A005F925A /* FilterOperations.swift */,
				B98A0FEB1C64FBA4005F925A /* FilterOperationTypes.swift */,
			);
			name = GPUImage;
			sourceTree = "<group>";
		};
		B98A0FFE1C650729005F925A /* Resources */ = {
			isa = PBXGroup;
			children = (
				B98A0FCF1C64FA25005F925A /* Assets.xcassets */,
			);
			name = Resources;
			sourceTree = "<group>";
		};
		B98A0FFF1C65074F005F925A /* Controllers */ = {
			isa = PBXGroup;
			children = (
				B908647F1C74EB68007451BB /* CameraManager.swift */,
				B98A0FCA1C64FA25005F925A /* MyCartoonViewController.swift */,
				B94E50371C79F5AE006B503E /* ActionSheetManager.swift */,
			);
			name = Controllers;
			sourceTree = "<group>";
		};
		C7EB7EF2FF34032BAF379D8C /* Frameworks */ = {
			isa = PBXGroup;
			children = (
				06E4A3DA26277900EE9ABAC8 /* Pods_MyMobileApp.framework */,
			);
			name = Frameworks;
			sourceTree = "<group>";
		};
		DAB6BC2FAC53090C75585F0A /* Pods */ = {
			isa = PBXGroup;
			children = (
				BAA2DC02B2FA116DC56AF59C /* Pods-MyMobileApp.debug.xcconfig */,
				DBC2CE73407424B1DA0300EC /* Pods-MyMobileApp.release.xcconfig */,
			);
			name = Pods;
			sourceTree = "<group>";
		};
/* End PBXGroup section */

/* Begin PBXNativeTarget section */
		B96B388C1C77CAF1009578D3 /* test */ = {
			isa = PBXNativeTarget;
			buildConfigurationList = B96B389C1C77CAF1009578D3 /* Build configuration list for PBXNativeTarget "test" */;
			buildPhases = (
				B96B38891C77CAF1009578D3 /* Sources */,
				B96B388A1C77CAF1009578D3 /* Frameworks */,
				B96B388B1C77CAF1009578D3 /* Resources */,
			);
			buildRules = (
			);
			dependencies = (
			);
			name = test;
			productName = test;
			productReference = B96B388D1C77CAF1009578D3 /* test.app */;
			productType = "com.apple.product-type.application";
		};
		B98A0FC41C64FA25005F925A /* MyMobileApp */ = {
			isa = PBXNativeTarget;
			buildConfigurationList = B98A0FD71C64FA25005F925A /* Build configuration list for PBXNativeTarget "MyMobileApp" */;
			buildPhases = (
				5B428614EAD6E8EE385A67ED /* Check Pods Manifest.lock */,
				B98A0FC11C64FA25005F925A /* Sources */,
				B98A0FC21C64FA25005F925A /* Frameworks */,
				B98A0FC31C64FA25005F925A /* Resources */,
				B911A0B51C6D0AE900F66F18 /* Embed Frameworks */,
				0185A213421A5149AB4C98F9 /* Embed Pods Frameworks */,
				C4AD94ECE95F3E894AC396BD /* Copy Pods Resources */,
			);
			buildRules = (
			);
			dependencies = (
				B911A0C31C6D0BB600F66F18 /* PBXTargetDependency */,
			);
			name = MyMobileApp;
			productName = MyMobileApp;
			productReference = B98A0FC51C64FA25005F925A /* MyMobileApp.app */;
			productType = "com.apple.product-type.application";
		};
/* End PBXNativeTarget section */

/* Begin PBXProject section */
		B98A0FBD1C64FA25005F925A /* Project object */ = {
			isa = PBXProject;
			attributes = {
				LastSwiftUpdateCheck = 0720;
				LastUpgradeCheck = 0720;
				ORGANIZATIONNAME = aurelien.grifasi;
				TargetAttributes = {
					B96B388C1C77CAF1009578D3 = {
						CreatedOnToolsVersion = 7.2;
					};
					B98A0FC41C64FA25005F925A = {
						CreatedOnToolsVersion = 7.2;
					};
				};
			};
			buildConfigurationList = B98A0FC01C64FA25005F925A /* Build configuration list for PBXProject "MyMobileApp" */;
			compatibilityVersion = "Xcode 3.2";
			developmentRegion = English;
			hasScannedForEncodings = 0;
			knownRegions = (
				en,
				Base,
			);
			mainGroup = B98A0FBC1C64FA25005F925A;
			productRefGroup = B98A0FC61C64FA25005F925A /* Products */;
			projectDirPath = "";
			projectReferences = (
				{
					ProductGroup = B911A0B71C6D0BA100F66F18 /* Products */;
					ProjectRef = B911A0B61C6D0BA100F66F18 /* GPUImage.xcodeproj */;
				},
			);
			projectRoot = "";
			targets = (
				B98A0FC41C64FA25005F925A /* MyMobileApp */,
				B96B388C1C77CAF1009578D3 /* test */,
			);
		};
/* End PBXProject section */

/* Begin PBXReferenceProxy section */
		B911A0BD1C6D0BA100F66F18 /* libGPUImage.a */ = {
			isa = PBXReferenceProxy;
			fileType = archive.ar;
			path = libGPUImage.a;
			remoteRef = B911A0BC1C6D0BA100F66F18 /* PBXContainerItemProxy */;
			sourceTree = BUILT_PRODUCTS_DIR;
		};
		B911A0BF1C6D0BA100F66F18 /* GPUImage.framework */ = {
			isa = PBXReferenceProxy;
			fileType = wrapper.framework;
			path = GPUImage.framework;
			remoteRef = B911A0BE1C6D0BA100F66F18 /* PBXContainerItemProxy */;
			sourceTree = BUILT_PRODUCTS_DIR;
		};
/* End PBXReferenceProxy section */

/* Begin PBXResourcesBuildPhase section */
		B96B388B1C77CAF1009578D3 /* Resources */ = {
			isa = PBXResourcesBuildPhase;
			buildActionMask = 2147483647;
			files = (
			);
			runOnlyForDeploymentPostprocessing = 0;
		};
		B98A0FC31C64FA25005F925A /* Resources */ = {
			isa = PBXResourcesBuildPhase;
			buildActionMask = 2147483647;
			files = (
				B98A0FD31C64FA25005F925A /* LaunchScreen.storyboard in Resources */,
				B98A0FFB1C64FD5F005F925A /* mask.png in Resources */,
				B98A0FD01C64FA25005F925A /* Assets.xcassets in Resources */,
				B98A0FFC1C64FD5F005F925A /* WID-small.jpg in Resources */,
				B98A0FF91C64FD5F005F925A /* squares.png in Resources */,
				B98A0FCE1C64FA25005F925A /* Main.storyboard in Resources */,
				B98A0FF81C64FD5F005F925A /* lookup_soft_elegance_2.png in Resources */,
				B98A0FF71C64FD5F005F925A /* lookup_soft_elegance_1.png in Resources */,
				B98A0FF51C64FD5F005F925A /* lookup_amatorka.png in Resources */,
				B98A0FFA1C64FD5F005F925A /* voroni_points2.png in Resources */,
				B98A0FF61C64FD5F005F925A /* lookup_miss_etikate.png in Resources */,
			);
			runOnlyForDeploymentPostprocessing = 0;
		};
/* End PBXResourcesBuildPhase section */

/* Begin PBXShellScriptBuildPhase section */
		0185A213421A5149AB4C98F9 /* Embed Pods Frameworks */ = {
			isa = PBXShellScriptBuildPhase;
			buildActionMask = 2147483647;
			files = (
			);
			inputPaths = (
			);
			name = "Embed Pods Frameworks";
			outputPaths = (
			);
			runOnlyForDeploymentPostprocessing = 0;
			shellPath = /bin/sh;
			shellScript = "\"${SRCROOT}/Pods/Target Support Files/Pods-MyMobileApp/Pods-MyMobileApp-frameworks.sh\"\n";
			showEnvVarsInLog = 0;
		};
		5B428614EAD6E8EE385A67ED /* Check Pods Manifest.lock */ = {
			isa = PBXShellScriptBuildPhase;
			buildActionMask = 2147483647;
			files = (
			);
			inputPaths = (
			);
			name = "Check Pods Manifest.lock";
			outputPaths = (
			);
			runOnlyForDeploymentPostprocessing = 0;
			shellPath = /bin/sh;
			shellScript = "diff \"${PODS_ROOT}/../Podfile.lock\" \"${PODS_ROOT}/Manifest.lock\" > /dev/null\nif [[ $? != 0 ]] ; then\n    cat << EOM\nerror: The sandbox is not in sync with the Podfile.lock. Run 'pod install' or update your CocoaPods installation.\nEOM\n    exit 1\nfi\n";
			showEnvVarsInLog = 0;
		};
		C4AD94ECE95F3E894AC396BD /* Copy Pods Resources */ = {
			isa = PBXShellScriptBuildPhase;
			buildActionMask = 2147483647;
			files = (
			);
			inputPaths = (
			);
			name = "Copy Pods Resources";
			outputPaths = (
			);
			runOnlyForDeploymentPostprocessing = 0;
			shellPath = /bin/sh;
			shellScript = "\"${SRCROOT}/Pods/Target Support Files/Pods-MyMobileApp/Pods-MyMobileApp-resources.sh\"\n";
			showEnvVarsInLog = 0;
		};
/* End PBXShellScriptBuildPhase section */

/* Begin PBXSourcesBuildPhase section */
		B96B38891C77CAF1009578D3 /* Sources */ = {
			isa = PBXSourcesBuildPhase;
			buildActionMask = 2147483647;
			files = (
			);
			runOnlyForDeploymentPostprocessing = 0;
		};
		B98A0FC11C64FA25005F925A /* Sources */ = {
			isa = PBXSourcesBuildPhase;
			buildActionMask = 2147483647;
			files = (
				B98A0FEA1C64FB8A005F925A /* FilterOperations.swift in Sources */,
				B98A0FEC1C64FBA4005F925A /* FilterOperationTypes.swift in Sources */,
				B98A0FCB1C64FA25005F925A /* MyCartoonViewController.swift in Sources */,
				B98A0FC91C64FA25005F925A /* AppDelegate.swift in Sources */,
				B90864801C74EB68007451BB /* CameraManager.swift in Sources */,
				B94E50381C79F5AE006B503E /* ActionSheetManager.swift in Sources */,
			);
			runOnlyForDeploymentPostprocessing = 0;
		};
/* End PBXSourcesBuildPhase section */

/* Begin PBXTargetDependency section */
		B911A0C31C6D0BB600F66F18 /* PBXTargetDependency */ = {
			isa = PBXTargetDependency;
			name = GPUImageFramework;
			targetProxy = B911A0C21C6D0BB600F66F18 /* PBXContainerItemProxy */;
		};
/* End PBXTargetDependency section */

/* Begin PBXVariantGroup section */
		B98A0FCC1C64FA25005F925A /* Main.storyboard */ = {
			isa = PBXVariantGroup;
			children = (
				B98A0FCD1C64FA25005F925A /* Base */,
			);
			name = Main.storyboard;
			sourceTree = "<group>";
		};
		B98A0FD11C64FA25005F925A /* LaunchScreen.storyboard */ = {
			isa = PBXVariantGroup;
			children = (
				B98A0FD21C64FA25005F925A /* Base */,
			);
			name = LaunchScreen.storyboard;
			sourceTree = "<group>";
		};
/* End PBXVariantGroup section */

/* Begin XCBuildConfiguration section */
		B96B389D1C77CAF1009578D3 /* Debug */ = {
			isa = XCBuildConfiguration;
			buildSettings = {
				ASSETCATALOG_COMPILER_APPICON_NAME = AppIcon;
				INFOPLIST_FILE = test/Info.plist;
				LD_RUNPATH_SEARCH_PATHS = "$(inherited) @executable_path/Frameworks";
				PRODUCT_BUNDLE_IDENTIFIER = aurelien.grifasi.test;
				PRODUCT_NAME = "$(TARGET_NAME)";
			};
			name = Debug;
		};
		B96B389E1C77CAF1009578D3 /* Release */ = {
			isa = XCBuildConfiguration;
			buildSettings = {
				ASSETCATALOG_COMPILER_APPICON_NAME = AppIcon;
				INFOPLIST_FILE = test/Info.plist;
				LD_RUNPATH_SEARCH_PATHS = "$(inherited) @executable_path/Frameworks";
				PRODUCT_BUNDLE_IDENTIFIER = aurelien.grifasi.test;
				PRODUCT_NAME = "$(TARGET_NAME)";
			};
			name = Release;
		};
		B98A0FD51C64FA25005F925A /* Debug */ = {
			isa = XCBuildConfiguration;
			buildSettings = {
				ALWAYS_SEARCH_USER_PATHS = NO;
				CLANG_CXX_LANGUAGE_STANDARD = "gnu++0x";
				CLANG_CXX_LIBRARY = "libc++";
				CLANG_ENABLE_MODULES = YES;
				CLANG_ENABLE_OBJC_ARC = YES;
				CLANG_WARN_BOOL_CONVERSION = YES;
				CLANG_WARN_CONSTANT_CONVERSION = YES;
				CLANG_WARN_DIRECT_OBJC_ISA_USAGE = YES_ERROR;
				CLANG_WARN_EMPTY_BODY = YES;
				CLANG_WARN_ENUM_CONVERSION = YES;
				CLANG_WARN_INT_CONVERSION = YES;
				CLANG_WARN_OBJC_ROOT_CLASS = YES_ERROR;
				CLANG_WARN_UNREACHABLE_CODE = YES;
				CLANG_WARN__DUPLICATE_METHOD_MATCH = YES;
				"CODE_SIGN_IDENTITY[sdk=iphoneos*]" = "iPhone Developer";
				COPY_PHASE_STRIP = NO;
				DEBUG_INFORMATION_FORMAT = dwarf;
				ENABLE_STRICT_OBJC_MSGSEND = YES;
				ENABLE_TESTABILITY = YES;
				GCC_C_LANGUAGE_STANDARD = gnu99;
				GCC_DYNAMIC_NO_PIC = NO;
				GCC_NO_COMMON_BLOCKS = YES;
				GCC_OPTIMIZATION_LEVEL = 0;
				GCC_PREPROCESSOR_DEFINITIONS = (
					"DEBUG=1",
					"$(inherited)",
				);
				GCC_WARN_64_TO_32_BIT_CONVERSION = YES;
				GCC_WARN_ABOUT_RETURN_TYPE = YES_ERROR;
				GCC_WARN_UNDECLARED_SELECTOR = YES;
				GCC_WARN_UNINITIALIZED_AUTOS = YES_AGGRESSIVE;
				GCC_WARN_UNUSED_FUNCTION = YES;
				GCC_WARN_UNUSED_VARIABLE = YES;
				IPHONEOS_DEPLOYMENT_TARGET = 9.2;
				MTL_ENABLE_DEBUG_INFO = YES;
				ONLY_ACTIVE_ARCH = YES;
				SDKROOT = iphoneos;
				SWIFT_OPTIMIZATION_LEVEL = "-Onone";
				TARGETED_DEVICE_FAMILY = "1,2";
			};
			name = Debug;
		};
		B98A0FD61C64FA25005F925A /* Release */ = {
			isa = XCBuildConfiguration;
			buildSettings = {
				ALWAYS_SEARCH_USER_PATHS = NO;
				CLANG_CXX_LANGUAGE_STANDARD = "gnu++0x";
				CLANG_CXX_LIBRARY = "libc++";
				CLANG_ENABLE_MODULES = YES;
				CLANG_ENABLE_OBJC_ARC = YES;
				CLANG_WARN_BOOL_CONVERSION = YES;
				CLANG_WARN_CONSTANT_CONVERSION = YES;
				CLANG_WARN_DIRECT_OBJC_ISA_USAGE = YES_ERROR;
				CLANG_WARN_EMPTY_BODY = YES;
				CLANG_WARN_ENUM_CONVERSION = YES;
				CLANG_WARN_INT_CONVERSION = YES;
				CLANG_WARN_OBJC_ROOT_CLASS = YES_ERROR;
				CLANG_WARN_UNREACHABLE_CODE = YES;
				CLANG_WARN__DUPLICATE_METHOD_MATCH = YES;
				"CODE_SIGN_IDENTITY[sdk=iphoneos*]" = "iPhone Developer";
				COPY_PHASE_STRIP = NO;
				DEBUG_INFORMATION_FORMAT = "dwarf-with-dsym";
				ENABLE_NS_ASSERTIONS = NO;
				ENABLE_STRICT_OBJC_MSGSEND = YES;
				GCC_C_LANGUAGE_STANDARD = gnu99;
				GCC_NO_COMMON_BLOCKS = YES;
				GCC_WARN_64_TO_32_BIT_CONVERSION = YES;
				GCC_WARN_ABOUT_RETURN_TYPE = YES_ERROR;
				GCC_WARN_UNDECLARED_SELECTOR = YES;
				GCC_WARN_UNINITIALIZED_AUTOS = YES_AGGRESSIVE;
				GCC_WARN_UNUSED_FUNCTION = YES;
				GCC_WARN_UNUSED_VARIABLE = YES;
				IPHONEOS_DEPLOYMENT_TARGET = 9.2;
				MTL_ENABLE_DEBUG_INFO = NO;
				SDKROOT = iphoneos;
				TARGETED_DEVICE_FAMILY = "1,2";
				VALIDATE_PRODUCT = YES;
			};
			name = Release;
		};
		B98A0FD81C64FA25005F925A /* Debug */ = {
			isa = XCBuildConfiguration;
			baseConfigurationReference = BAA2DC02B2FA116DC56AF59C /* Pods-MyMobileApp.debug.xcconfig */;
			buildSettings = {
				ASSETCATALOG_COMPILER_APPICON_NAME = AppIcon;
				INFOPLIST_FILE = MyMobileApp/Info.plist;
				IPHONEOS_DEPLOYMENT_TARGET = 9.0;
				LD_RUNPATH_SEARCH_PATHS = "$(inherited) @executable_path/Frameworks";
				PRODUCT_BUNDLE_IDENTIFIER = aurelien.grifasi.MyMobileApp;
				PRODUCT_NAME = "$(TARGET_NAME)";
			};
			name = Debug;
		};
		B98A0FD91C64FA25005F925A /* Release */ = {
			isa = XCBuildConfiguration;
			baseConfigurationReference = DBC2CE73407424B1DA0300EC /* Pods-MyMobileApp.release.xcconfig */;
			buildSettings = {
				ASSETCATALOG_COMPILER_APPICON_NAME = AppIcon;
				INFOPLIST_FILE = MyMobileApp/Info.plist;
				IPHONEOS_DEPLOYMENT_TARGET = 9.0;
				LD_RUNPATH_SEARCH_PATHS = "$(inherited) @executable_path/Frameworks";
				PRODUCT_BUNDLE_IDENTIFIER = aurelien.grifasi.MyMobileApp;
				PRODUCT_NAME = "$(TARGET_NAME)";
			};
			name = Release;
		};
/* End XCBuildConfiguration section */

/* Begin XCConfigurationList section */
		B96B389C1C77CAF1009578D3 /* Build configuration list for PBXNativeTarget "test" */ = {
			isa = XCConfigurationList;
			buildConfigurations = (
				B96B389D1C77CAF1009578D3 /* Debug */,
				B96B389E1C77CAF1009578D3 /* Release */,
			);
			defaultConfigurationIsVisible = 0;
			defaultConfigurationName = Release;
		};
		B98A0FC01C64FA25005F925A /* Build configuration list for PBXProject "MyMobileApp" */ = {
			isa = XCConfigurationList;
			buildConfigurations = (
				B98A0FD51C64FA25005F925A /* Debug */,
				B98A0FD61C64FA25005F925A /* Release */,
			);
			defaultConfigurationIsVisible = 0;
			defaultConfigurationName = Release;
		};
		B98A0FD71C64FA25005F925A /* Build configuration list for PBXNativeTarget "MyMobileApp" */ = {
			isa = XCConfigurationList;
			buildConfigurations = (
				B98A0FD81C64FA25005F925A /* Debug */,
				B98A0FD91C64FA25005F925A /* Release */,
			);
			defaultConfigurationIsVisible = 0;
			defaultConfigurationName = Release;
		};
/* End XCConfigurationList section */
	};
	rootObject = B98A0FBD1C64FA25005F925A /* Project object */;
}
